// !$*UTF8*$!
{
	archiveVersion = 1;
	classes = {
	};
	objectVersion = 50;
	objects = {

/* Begin PBXBuildFile section */
		6903F697230F7CEB00021C2D /* SettingViewController.swift in Sources */ = {isa = PBXBuildFile; fileRef = 6903F696230F7CEB00021C2D /* SettingViewController.swift */; };
		6903F699230F7DBE00021C2D /* SettingTableViewCell.swift in Sources */ = {isa = PBXBuildFile; fileRef = 6903F698230F7DBE00021C2D /* SettingTableViewCell.swift */; };
		691B60212317A649007E9C3F /* PickerTableViewCell.swift in Sources */ = {isa = PBXBuildFile; fileRef = 691B60202317A649007E9C3F /* PickerTableViewCell.swift */; };
		696909C62320AE6A00769B57 /* FaceIDViewController.swift in Sources */ = {isa = PBXBuildFile; fileRef = 696909C52320AE6A00769B57 /* FaceIDViewController.swift */; };
		6972BBBE23183E6000CBA969 /* PickerEditActivityTableViewCell.swift in Sources */ = {isa = PBXBuildFile; fileRef = 6972BBBD23183E6000CBA969 /* PickerEditActivityTableViewCell.swift */; };
		697E7818231FC333001C569D /* NotificationChecker.swift in Sources */ = {isa = PBXBuildFile; fileRef = 697E7817231FC333001C569D /* NotificationChecker.swift */; };
		698E88C92310ED3600101B80 /* EditActivityViewController.swift in Sources */ = {isa = PBXBuildFile; fileRef = 698E88C82310ED3600101B80 /* EditActivityViewController.swift */; };
		6994C8E8231116EE00A2A3D0 /* UlangiViewController.swift in Sources */ = {isa = PBXBuildFile; fileRef = 6994C8E7231116EE00A2A3D0 /* UlangiViewController.swift */; };
		6994C8EA231118BE00A2A3D0 /* PeringatanViewController.swift in Sources */ = {isa = PBXBuildFile; fileRef = 6994C8E9231118BE00A2A3D0 /* PeringatanViewController.swift */; };
		69A62D34230E300E00000543 /* AppDelegate.swift in Sources */ = {isa = PBXBuildFile; fileRef = 69A62D33230E300E00000543 /* AppDelegate.swift */; };
		69A62D36230E300E00000543 /* ViewController.swift in Sources */ = {isa = PBXBuildFile; fileRef = 69A62D35230E300E00000543 /* ViewController.swift */; };
		69A62D39230E300E00000543 /* Main.storyboard in Resources */ = {isa = PBXBuildFile; fileRef = 69A62D37230E300E00000543 /* Main.storyboard */; };
		69A62D3B230E300F00000543 /* Assets.xcassets in Resources */ = {isa = PBXBuildFile; fileRef = 69A62D3A230E300F00000543 /* Assets.xcassets */; };
		69A62D3E230E300F00000543 /* LaunchScreen.storyboard in Resources */ = {isa = PBXBuildFile; fileRef = 69A62D3C230E300F00000543 /* LaunchScreen.storyboard */; };
		69A62D49230E381E00000543 /* FirstTableViewCell.swift in Sources */ = {isa = PBXBuildFile; fileRef = 69A62D48230E381E00000543 /* FirstTableViewCell.swift */; };
		69A62D4B230E39D800000543 /* Activity.swift in Sources */ = {isa = PBXBuildFile; fileRef = 69A62D4A230E39D800000543 /* Activity.swift */; };
		69A62D4F230E63C800000543 /* JournalTableViewCell.swift in Sources */ = {isa = PBXBuildFile; fileRef = 69A62D4E230E63C800000543 /* JournalTableViewCell.swift */; };
		69A62D51230E6C0000000543 /* Journal.swift in Sources */ = {isa = PBXBuildFile; fileRef = 69A62D50230E6C0000000543 /* Journal.swift */; };
		69AD292B231CCD450042A793 /* SelesaiTableViewCell.swift in Sources */ = {isa = PBXBuildFile; fileRef = 69AD292A231CCD450042A793 /* SelesaiTableViewCell.swift */; };
		69AD292D231CDFFF0042A793 /* HapusTableViewCell.swift in Sources */ = {isa = PBXBuildFile; fileRef = 69AD292C231CDFFF0042A793 /* HapusTableViewCell.swift */; };
		69AEEFE123112B9A002A51DD /* UlangiTableViewCell.swift in Sources */ = {isa = PBXBuildFile; fileRef = 69AEEFE023112B9A002A51DD /* UlangiTableViewCell.swift */; };
		69AEEFE323112E30002A51DD /* PeringatanTableViewCell.swift in Sources */ = {isa = PBXBuildFile; fileRef = 69AEEFE223112E30002A51DD /* PeringatanTableViewCell.swift */; };
		69B47FDA231626A300F1D42F /* selesaiButton.swift in Sources */ = {isa = PBXBuildFile; fileRef = 69B47FD9231626A300F1D42F /* selesaiButton.swift */; };
		69B47FDC23162A6300F1D42F /* hapusButton.swift in Sources */ = {isa = PBXBuildFile; fileRef = 69B47FDB23162A6300F1D42F /* hapusButton.swift */; };
		69BEDDE7231251B80025A30E /* NewJournalViewController.swift in Sources */ = {isa = PBXBuildFile; fileRef = 69BEDDE6231251B80025A30E /* NewJournalViewController.swift */; };
		69BEDE07231269260025A30E /* NewActivity1TableViewCell.swift in Sources */ = {isa = PBXBuildFile; fileRef = 69BEDE06231269260025A30E /* NewActivity1TableViewCell.swift */; };
		69BEDE0923126CAD0025A30E /* NewActivity2TableViewCell.swift in Sources */ = {isa = PBXBuildFile; fileRef = 69BEDE0823126CAD0025A30E /* NewActivity2TableViewCell.swift */; };
		69BEDE0D23128FA60025A30E /* SeeAllActivityViewController.swift in Sources */ = {isa = PBXBuildFile; fileRef = 69BEDE0C23128FA60025A30E /* SeeAllActivityViewController.swift */; };
		69BEDE0F231374AF0025A30E /* FirstActivityViewController.swift in Sources */ = {isa = PBXBuildFile; fileRef = 69BEDE0E231374AF0025A30E /* FirstActivityViewController.swift */; };
		69BEDE11231375700025A30E /* FirstActivityJudulTableViewCell.swift in Sources */ = {isa = PBXBuildFile; fileRef = 69BEDE10231375700025A30E /* FirstActivityJudulTableViewCell.swift */; };
		69BEDE13231398420025A30E /* FullActivityTableViewCell.swift in Sources */ = {isa = PBXBuildFile; fileRef = 69BEDE12231398420025A30E /* FullActivityTableViewCell.swift */; };
		69BEDE15231408AF0025A30E /* FullRefleksiTableViewCell.swift in Sources */ = {isa = PBXBuildFile; fileRef = 69BEDE14231408AF0025A30E /* FullRefleksiTableViewCell.swift */; };
		69BEDE172314092C0025A30E /* SeeAllJournalViewController.swift in Sources */ = {isa = PBXBuildFile; fileRef = 69BEDE162314092C0025A30E /* SeeAllJournalViewController.swift */; };
		D616FA2DCAFC95EFECAAE93E /* Pods_CBThomework.framework in Frameworks */ = {isa = PBXBuildFile; fileRef = 3F60B9D8AE718BE1471DC923 /* Pods_CBThomework.framework */; };
/* End PBXBuildFile section */

/* Begin PBXFileReference section */
		3F60B9D8AE718BE1471DC923 /* Pods_CBThomework.framework */ = {isa = PBXFileReference; explicitFileType = wrapper.framework; includeInIndex = 0; path = Pods_CBThomework.framework; sourceTree = BUILT_PRODUCTS_DIR; };
		559BC93F310F31FCCADEB499 /* Pods-CBThomework.debug.xcconfig */ = {isa = PBXFileReference; includeInIndex = 1; lastKnownFileType = text.xcconfig; name = "Pods-CBThomework.debug.xcconfig"; path = "Target Support Files/Pods-CBThomework/Pods-CBThomework.debug.xcconfig"; sourceTree = "<group>"; };
		6903F696230F7CEB00021C2D /* SettingViewController.swift */ = {isa = PBXFileReference; lastKnownFileType = sourcecode.swift; path = SettingViewController.swift; sourceTree = "<group>"; };
		6903F698230F7DBE00021C2D /* SettingTableViewCell.swift */ = {isa = PBXFileReference; lastKnownFileType = sourcecode.swift; path = SettingTableViewCell.swift; sourceTree = "<group>"; };
		691B60202317A649007E9C3F /* PickerTableViewCell.swift */ = {isa = PBXFileReference; lastKnownFileType = sourcecode.swift; path = PickerTableViewCell.swift; sourceTree = "<group>"; };
		696909C52320AE6A00769B57 /* FaceIDViewController.swift */ = {isa = PBXFileReference; lastKnownFileType = sourcecode.swift; path = FaceIDViewController.swift; sourceTree = "<group>"; };
		6972BBBD23183E6000CBA969 /* PickerEditActivityTableViewCell.swift */ = {isa = PBXFileReference; lastKnownFileType = sourcecode.swift; path = PickerEditActivityTableViewCell.swift; sourceTree = "<group>"; };
		697E7817231FC333001C569D /* NotificationChecker.swift */ = {isa = PBXFileReference; lastKnownFileType = sourcecode.swift; path = NotificationChecker.swift; sourceTree = "<group>"; };
		698E88C82310ED3600101B80 /* EditActivityViewController.swift */ = {isa = PBXFileReference; lastKnownFileType = sourcecode.swift; path = EditActivityViewController.swift; sourceTree = "<group>"; };
		6994C8E7231116EE00A2A3D0 /* UlangiViewController.swift */ = {isa = PBXFileReference; lastKnownFileType = sourcecode.swift; path = UlangiViewController.swift; sourceTree = "<group>"; };
		6994C8E9231118BE00A2A3D0 /* PeringatanViewController.swift */ = {isa = PBXFileReference; lastKnownFileType = sourcecode.swift; path = PeringatanViewController.swift; sourceTree = "<group>"; };
		69A62D30230E300E00000543 /* CBThomework.app */ = {isa = PBXFileReference; explicitFileType = wrapper.application; includeInIndex = 0; path = CBThomework.app; sourceTree = BUILT_PRODUCTS_DIR; };
		69A62D33230E300E00000543 /* AppDelegate.swift */ = {isa = PBXFileReference; lastKnownFileType = sourcecode.swift; path = AppDelegate.swift; sourceTree = "<group>"; };
		69A62D35230E300E00000543 /* ViewController.swift */ = {isa = PBXFileReference; lastKnownFileType = sourcecode.swift; path = ViewController.swift; sourceTree = "<group>"; };
		69A62D38230E300E00000543 /* Base */ = {isa = PBXFileReference; lastKnownFileType = file.storyboard; name = Base; path = Base.lproj/Main.storyboard; sourceTree = "<group>"; };
		69A62D3A230E300F00000543 /* Assets.xcassets */ = {isa = PBXFileReference; lastKnownFileType = folder.assetcatalog; path = Assets.xcassets; sourceTree = "<group>"; };
		69A62D3D230E300F00000543 /* Base */ = {isa = PBXFileReference; lastKnownFileType = file.storyboard; name = Base; path = Base.lproj/LaunchScreen.storyboard; sourceTree = "<group>"; };
		69A62D3F230E300F00000543 /* Info.plist */ = {isa = PBXFileReference; lastKnownFileType = text.plist.xml; path = Info.plist; sourceTree = "<group>"; };
		69A62D48230E381E00000543 /* FirstTableViewCell.swift */ = {isa = PBXFileReference; lastKnownFileType = sourcecode.swift; path = FirstTableViewCell.swift; sourceTree = "<group>"; };
		69A62D4A230E39D800000543 /* Activity.swift */ = {isa = PBXFileReference; lastKnownFileType = sourcecode.swift; path = Activity.swift; sourceTree = "<group>"; };
		69A62D4E230E63C800000543 /* JournalTableViewCell.swift */ = {isa = PBXFileReference; lastKnownFileType = sourcecode.swift; path = JournalTableViewCell.swift; sourceTree = "<group>"; };
		69A62D50230E6C0000000543 /* Journal.swift */ = {isa = PBXFileReference; lastKnownFileType = sourcecode.swift; path = Journal.swift; sourceTree = "<group>"; };
		69AD292A231CCD450042A793 /* SelesaiTableViewCell.swift */ = {isa = PBXFileReference; lastKnownFileType = sourcecode.swift; path = SelesaiTableViewCell.swift; sourceTree = "<group>"; };
		69AD292C231CDFFF0042A793 /* HapusTableViewCell.swift */ = {isa = PBXFileReference; lastKnownFileType = sourcecode.swift; path = HapusTableViewCell.swift; sourceTree = "<group>"; };
		69AEEFE023112B9A002A51DD /* UlangiTableViewCell.swift */ = {isa = PBXFileReference; lastKnownFileType = sourcecode.swift; path = UlangiTableViewCell.swift; sourceTree = "<group>"; };
		69AEEFE223112E30002A51DD /* PeringatanTableViewCell.swift */ = {isa = PBXFileReference; lastKnownFileType = sourcecode.swift; path = PeringatanTableViewCell.swift; sourceTree = "<group>"; };
		69B47FD9231626A300F1D42F /* selesaiButton.swift */ = {isa = PBXFileReference; lastKnownFileType = sourcecode.swift; path = selesaiButton.swift; sourceTree = "<group>"; };
		69B47FDB23162A6300F1D42F /* hapusButton.swift */ = {isa = PBXFileReference; lastKnownFileType = sourcecode.swift; path = hapusButton.swift; sourceTree = "<group>"; };
		69BEDDE6231251B80025A30E /* NewJournalViewController.swift */ = {isa = PBXFileReference; lastKnownFileType = sourcecode.swift; path = NewJournalViewController.swift; sourceTree = "<group>"; };
		69BEDE06231269260025A30E /* NewActivity1TableViewCell.swift */ = {isa = PBXFileReference; lastKnownFileType = sourcecode.swift; path = NewActivity1TableViewCell.swift; sourceTree = "<group>"; };
		69BEDE0823126CAD0025A30E /* NewActivity2TableViewCell.swift */ = {isa = PBXFileReference; lastKnownFileType = sourcecode.swift; path = NewActivity2TableViewCell.swift; sourceTree = "<group>"; };
		69BEDE0C23128FA60025A30E /* SeeAllActivityViewController.swift */ = {isa = PBXFileReference; lastKnownFileType = sourcecode.swift; path = SeeAllActivityViewController.swift; sourceTree = "<group>"; };
		69BEDE0E231374AF0025A30E /* FirstActivityViewController.swift */ = {isa = PBXFileReference; lastKnownFileType = sourcecode.swift; path = FirstActivityViewController.swift; sourceTree = "<group>"; };
		69BEDE10231375700025A30E /* FirstActivityJudulTableViewCell.swift */ = {isa = PBXFileReference; lastKnownFileType = sourcecode.swift; path = FirstActivityJudulTableViewCell.swift; sourceTree = "<group>"; };
		69BEDE12231398420025A30E /* FullActivityTableViewCell.swift */ = {isa = PBXFileReference; lastKnownFileType = sourcecode.swift; path = FullActivityTableViewCell.swift; sourceTree = "<group>"; };
		69BEDE14231408AF0025A30E /* FullRefleksiTableViewCell.swift */ = {isa = PBXFileReference; lastKnownFileType = sourcecode.swift; path = FullRefleksiTableViewCell.swift; sourceTree = "<group>"; };
		69BEDE162314092C0025A30E /* SeeAllJournalViewController.swift */ = {isa = PBXFileReference; lastKnownFileType = sourcecode.swift; path = SeeAllJournalViewController.swift; sourceTree = "<group>"; };
		DC48042A698C0C1D0291F90A /* Pods-CBThomework.release.xcconfig */ = {isa = PBXFileReference; includeInIndex = 1; lastKnownFileType = text.xcconfig; name = "Pods-CBThomework.release.xcconfig"; path = "Target Support Files/Pods-CBThomework/Pods-CBThomework.release.xcconfig"; sourceTree = "<group>"; };
/* End PBXFileReference section */

/* Begin PBXFrameworksBuildPhase section */
		69A62D2D230E300E00000543 /* Frameworks */ = {
			isa = PBXFrameworksBuildPhase;
			buildActionMask = 2147483647;
			files = (
				D616FA2DCAFC95EFECAAE93E /* Pods_CBThomework.framework in Frameworks */,
			);
			runOnlyForDeploymentPostprocessing = 0;
		};
/* End PBXFrameworksBuildPhase section */

/* Begin PBXGroup section */
		2E1B673E68D651F3017807DF /* Frameworks */ = {
			isa = PBXGroup;
			children = (
				3F60B9D8AE718BE1471DC923 /* Pods_CBThomework.framework */,
			);
			name = Frameworks;
			sourceTree = "<group>";
		};
		698E88CC2310F5C700101B80 /* Cell */ = {
			isa = PBXGroup;
			children = (
				69A62D48230E381E00000543 /* FirstTableViewCell.swift */,
				69A62D4E230E63C800000543 /* JournalTableViewCell.swift */,
				6903F698230F7DBE00021C2D /* SettingTableViewCell.swift */,
				69AEEFE023112B9A002A51DD /* UlangiTableViewCell.swift */,
				69AEEFE223112E30002A51DD /* PeringatanTableViewCell.swift */,
				69BEDE06231269260025A30E /* NewActivity1TableViewCell.swift */,
				69BEDE0823126CAD0025A30E /* NewActivity2TableViewCell.swift */,
				69BEDE10231375700025A30E /* FirstActivityJudulTableViewCell.swift */,
				69BEDE12231398420025A30E /* FullActivityTableViewCell.swift */,
				69BEDE14231408AF0025A30E /* FullRefleksiTableViewCell.swift */,
				691B60202317A649007E9C3F /* PickerTableViewCell.swift */,
				6972BBBD23183E6000CBA969 /* PickerEditActivityTableViewCell.swift */,
				69AD292A231CCD450042A793 /* SelesaiTableViewCell.swift */,
				69AD292C231CDFFF0042A793 /* HapusTableViewCell.swift */,
			);
			path = Cell;
			sourceTree = "<group>";
		};
		69A62D27230E300E00000543 = {
			isa = PBXGroup;
			children = (
				69A62D32230E300E00000543 /* CBThomework */,
				69A62D31230E300E00000543 /* Products */,
				9B4FA4F8C594A2BC1DCF679D /* Pods */,
				2E1B673E68D651F3017807DF /* Frameworks */,
			);
			sourceTree = "<group>";
		};
		69A62D31230E300E00000543 /* Products */ = {
			isa = PBXGroup;
			children = (
				69A62D30230E300E00000543 /* CBThomework.app */,
			);
			name = Products;
			sourceTree = "<group>";
		};
		69A62D32230E300E00000543 /* CBThomework */ = {
			isa = PBXGroup;
			children = (
				69A62D52230E6CE700000543 /* Designable */,
				69A62D47230E306900000543 /* Controller */,
				69A62D46230E306100000543 /* View */,
				69A62D45230E305B00000543 /* Model */,
				69A62D33230E300E00000543 /* AppDelegate.swift */,
				69A62D3A230E300F00000543 /* Assets.xcassets */,
				69A62D3C230E300F00000543 /* LaunchScreen.storyboard */,
				69A62D3F230E300F00000543 /* Info.plist */,
			);
			path = CBThomework;
			sourceTree = "<group>";
		};
		69A62D45230E305B00000543 /* Model */ = {
			isa = PBXGroup;
			children = (
				69A62D4A230E39D800000543 /* Activity.swift */,
				69A62D50230E6C0000000543 /* Journal.swift */,
			);
			path = Model;
			sourceTree = "<group>";
		};
		69A62D46230E306100000543 /* View */ = {
			isa = PBXGroup;
			children = (
				69A62D37230E300E00000543 /* Main.storyboard */,
			);
			path = View;
			sourceTree = "<group>";
		};
		69A62D47230E306900000543 /* Controller */ = {
			isa = PBXGroup;
			children = (
				698E88CC2310F5C700101B80 /* Cell */,
				69A62D35230E300E00000543 /* ViewController.swift */,
				6903F696230F7CEB00021C2D /* SettingViewController.swift */,
				6994C8E9231118BE00A2A3D0 /* PeringatanViewController.swift */,
				697E7817231FC333001C569D /* NotificationChecker.swift */,
				6994C8E7231116EE00A2A3D0 /* UlangiViewController.swift */,
				69BEDDE6231251B80025A30E /* NewJournalViewController.swift */,
				698E88C82310ED3600101B80 /* EditActivityViewController.swift */,
				69BEDE0E231374AF0025A30E /* FirstActivityViewController.swift */,
				69BEDE0C23128FA60025A30E /* SeeAllActivityViewController.swift */,
				69BEDE162314092C0025A30E /* SeeAllJournalViewController.swift */,
				696909C52320AE6A00769B57 /* FaceIDViewController.swift */,
			);
			path = Controller;
			sourceTree = "<group>";
		};
		69A62D52230E6CE700000543 /* Designable */ = {
			isa = PBXGroup;
			children = (
				69B47FD9231626A300F1D42F /* selesaiButton.swift */,
				69B47FDB23162A6300F1D42F /* hapusButton.swift */,
			);
			path = Designable;
			sourceTree = "<group>";
		};
		9B4FA4F8C594A2BC1DCF679D /* Pods */ = {
			isa = PBXGroup;
			children = (
				559BC93F310F31FCCADEB499 /* Pods-CBThomework.debug.xcconfig */,
				DC48042A698C0C1D0291F90A /* Pods-CBThomework.release.xcconfig */,
			);
			path = Pods;
			sourceTree = "<group>";
		};
/* End PBXGroup section */

/* Begin PBXNativeTarget section */
		69A62D2F230E300E00000543 /* CBThomework */ = {
			isa = PBXNativeTarget;
			buildConfigurationList = 69A62D42230E300F00000543 /* Build configuration list for PBXNativeTarget "CBThomework" */;
			buildPhases = (
				F9C5FC830017F0C526C89944 /* [CP] Check Pods Manifest.lock */,
				69A62D2C230E300E00000543 /* Sources */,
				69A62D2D230E300E00000543 /* Frameworks */,
				69A62D2E230E300E00000543 /* Resources */,
				0B2F32EDE4B190A73472284C /* [CP] Embed Pods Frameworks */,
			);
			buildRules = (
			);
			dependencies = (
			);
			name = CBThomework;
			productName = CBThomework;
			productReference = 69A62D30230E300E00000543 /* CBThomework.app */;
			productType = "com.apple.product-type.application";
		};
/* End PBXNativeTarget section */

/* Begin PBXProject section */
		69A62D28230E300E00000543 /* Project object */ = {
			isa = PBXProject;
			attributes = {
				LastSwiftUpdateCheck = 1030;
				LastUpgradeCheck = 1030;
				ORGANIZATIONNAME = "Alan Santoso";
				TargetAttributes = {
					69A62D2F230E300E00000543 = {
						CreatedOnToolsVersion = 10.3;
					};
				};
			};
			buildConfigurationList = 69A62D2B230E300E00000543 /* Build configuration list for PBXProject "CBThomework" */;
			compatibilityVersion = "Xcode 9.3";
			developmentRegion = en;
			hasScannedForEncodings = 0;
			knownRegions = (
				en,
				Base,
			);
			mainGroup = 69A62D27230E300E00000543;
			productRefGroup = 69A62D31230E300E00000543 /* Products */;
			projectDirPath = "";
			projectRoot = "";
			targets = (
				69A62D2F230E300E00000543 /* CBThomework */,
			);
		};
/* End PBXProject section */

/* Begin PBXResourcesBuildPhase section */
		69A62D2E230E300E00000543 /* Resources */ = {
			isa = PBXResourcesBuildPhase;
			buildActionMask = 2147483647;
			files = (
				69A62D3E230E300F00000543 /* LaunchScreen.storyboard in Resources */,
				69A62D3B230E300F00000543 /* Assets.xcassets in Resources */,
				69A62D39230E300E00000543 /* Main.storyboard in Resources */,
			);
			runOnlyForDeploymentPostprocessing = 0;
		};
/* End PBXResourcesBuildPhase section */

/* Begin PBXShellScriptBuildPhase section */
		0B2F32EDE4B190A73472284C /* [CP] Embed Pods Frameworks */ = {
			isa = PBXShellScriptBuildPhase;
			buildActionMask = 2147483647;
			files = (
			);
			inputFileListPaths = (
			);
			inputPaths = (
				"${PODS_ROOT}/Target Support Files/Pods-CBThomework/Pods-CBThomework-frameworks.sh",
				"${BUILT_PRODUCTS_DIR}/FSCalendar/FSCalendar.framework",
				"${BUILT_PRODUCTS_DIR}/Realm/Realm.framework",
				"${BUILT_PRODUCTS_DIR}/RealmSwift/RealmSwift.framework",
			);
			name = "[CP] Embed Pods Frameworks";
			outputFileListPaths = (
			);
			outputPaths = (
				"${TARGET_BUILD_DIR}/${FRAMEWORKS_FOLDER_PATH}/FSCalendar.framework",
				"${TARGET_BUILD_DIR}/${FRAMEWORKS_FOLDER_PATH}/Realm.framework",
				"${TARGET_BUILD_DIR}/${FRAMEWORKS_FOLDER_PATH}/RealmSwift.framework",
			);
			runOnlyForDeploymentPostprocessing = 0;
			shellPath = /bin/sh;
			shellScript = "\"${PODS_ROOT}/Target Support Files/Pods-CBThomework/Pods-CBThomework-frameworks.sh\"\n";
			showEnvVarsInLog = 0;
		};
		F9C5FC830017F0C526C89944 /* [CP] Check Pods Manifest.lock */ = {
			isa = PBXShellScriptBuildPhase;
			buildActionMask = 2147483647;
			files = (
			);
			inputFileListPaths = (
			);
			inputPaths = (
				"${PODS_PODFILE_DIR_PATH}/Podfile.lock",
				"${PODS_ROOT}/Manifest.lock",
			);
			name = "[CP] Check Pods Manifest.lock";
			outputFileListPaths = (
			);
			outputPaths = (
				"$(DERIVED_FILE_DIR)/Pods-CBThomework-checkManifestLockResult.txt",
			);
			runOnlyForDeploymentPostprocessing = 0;
			shellPath = /bin/sh;
			shellScript = "diff \"${PODS_PODFILE_DIR_PATH}/Podfile.lock\" \"${PODS_ROOT}/Manifest.lock\" > /dev/null\nif [ $? != 0 ] ; then\n    # print error to STDERR\n    echo \"error: The sandbox is not in sync with the Podfile.lock. Run 'pod install' or update your CocoaPods installation.\" >&2\n    exit 1\nfi\n# This output is used by Xcode 'outputs' to avoid re-running this script phase.\necho \"SUCCESS\" > \"${SCRIPT_OUTPUT_FILE_0}\"\n";
			showEnvVarsInLog = 0;
		};
/* End PBXShellScriptBuildPhase section */

/* Begin PBXSourcesBuildPhase section */
		69A62D2C230E300E00000543 /* Sources */ = {
			isa = PBXSourcesBuildPhase;
			buildActionMask = 2147483647;
			files = (
				6972BBBE23183E6000CBA969 /* PickerEditActivityTableViewCell.swift in Sources */,
				69BEDE07231269260025A30E /* NewActivity1TableViewCell.swift in Sources */,
				69B47FDC23162A6300F1D42F /* hapusButton.swift in Sources */,
				69AD292D231CDFFF0042A793 /* HapusTableViewCell.swift in Sources */,
				69A62D49230E381E00000543 /* FirstTableViewCell.swift in Sources */,
				6994C8EA231118BE00A2A3D0 /* PeringatanViewController.swift in Sources */,
				697E7818231FC333001C569D /* NotificationChecker.swift in Sources */,
				69A62D36230E300E00000543 /* ViewController.swift in Sources */,
				69BEDE0F231374AF0025A30E /* FirstActivityViewController.swift in Sources */,
				69BEDE11231375700025A30E /* FirstActivityJudulTableViewCell.swift in Sources */,
				69BEDE15231408AF0025A30E /* FullRefleksiTableViewCell.swift in Sources */,
				69AEEFE123112B9A002A51DD /* UlangiTableViewCell.swift in Sources */,
				69AEEFE323112E30002A51DD /* PeringatanTableViewCell.swift in Sources */,
				69BEDE0923126CAD0025A30E /* NewActivity2TableViewCell.swift in Sources */,
				69BEDE13231398420025A30E /* FullActivityTableViewCell.swift in Sources */,
				698E88C92310ED3600101B80 /* EditActivityViewController.swift in Sources */,
				69A62D4F230E63C800000543 /* JournalTableViewCell.swift in Sources */,
				6994C8E8231116EE00A2A3D0 /* UlangiViewController.swift in Sources */,
				69BEDE0D23128FA60025A30E /* SeeAllActivityViewController.swift in Sources */,
				69A62D4B230E39D800000543 /* Activity.swift in Sources */,
				69B47FDA231626A300F1D42F /* selesaiButton.swift in Sources */,
				69BEDDE7231251B80025A30E /* NewJournalViewController.swift in Sources */,
				696909C62320AE6A00769B57 /* FaceIDViewController.swift in Sources */,
				69A62D34230E300E00000543 /* AppDelegate.swift in Sources */,
				6903F697230F7CEB00021C2D /* SettingViewController.swift in Sources */,
				69AD292B231CCD450042A793 /* SelesaiTableViewCell.swift in Sources */,
				691B60212317A649007E9C3F /* PickerTableViewCell.swift in Sources */,
				6903F699230F7DBE00021C2D /* SettingTableViewCell.swift in Sources */,
				69BEDE172314092C0025A30E /* SeeAllJournalViewController.swift in Sources */,
				69A62D51230E6C0000000543 /* Journal.swift in Sources */,
			);
			runOnlyForDeploymentPostprocessing = 0;
		};
/* End PBXSourcesBuildPhase section */

/* Begin PBXVariantGroup section */
		69A62D37230E300E00000543 /* Main.storyboard */ = {
			isa = PBXVariantGroup;
			children = (
				69A62D38230E300E00000543 /* Base */,
			);
			name = Main.storyboard;
			sourceTree = "<group>";
		};
		69A62D3C230E300F00000543 /* LaunchScreen.storyboard */ = {
			isa = PBXVariantGroup;
			children = (
				69A62D3D230E300F00000543 /* Base */,
			);
			name = LaunchScreen.storyboard;
			sourceTree = "<group>";
		};
/* End PBXVariantGroup section */

/* Begin XCBuildConfiguration section */
		69A62D40230E300F00000543 /* Debug */ = {
			isa = XCBuildConfiguration;
			buildSettings = {
				ALWAYS_SEARCH_USER_PATHS = NO;
				CLANG_ANALYZER_NONNULL = YES;
				CLANG_ANALYZER_NUMBER_OBJECT_CONVERSION = YES_AGGRESSIVE;
				CLANG_CXX_LANGUAGE_STANDARD = "gnu++14";
				CLANG_CXX_LIBRARY = "libc++";
				CLANG_ENABLE_MODULES = YES;
				CLANG_ENABLE_OBJC_ARC = YES;
				CLANG_ENABLE_OBJC_WEAK = YES;
				CLANG_WARN_BLOCK_CAPTURE_AUTORELEASING = YES;
				CLANG_WARN_BOOL_CONVERSION = YES;
				CLANG_WARN_COMMA = YES;
				CLANG_WARN_CONSTANT_CONVERSION = YES;
				CLANG_WARN_DEPRECATED_OBJC_IMPLEMENTATIONS = YES;
				CLANG_WARN_DIRECT_OBJC_ISA_USAGE = YES_ERROR;
				CLANG_WARN_DOCUMENTATION_COMMENTS = YES;
				CLANG_WARN_EMPTY_BODY = YES;
				CLANG_WARN_ENUM_CONVERSION = YES;
				CLANG_WARN_INFINITE_RECURSION = YES;
				CLANG_WARN_INT_CONVERSION = YES;
				CLANG_WARN_NON_LITERAL_NULL_CONVERSION = YES;
				CLANG_WARN_OBJC_IMPLICIT_RETAIN_SELF = YES;
				CLANG_WARN_OBJC_LITERAL_CONVERSION = YES;
				CLANG_WARN_OBJC_ROOT_CLASS = YES_ERROR;
				CLANG_WARN_RANGE_LOOP_ANALYSIS = YES;
				CLANG_WARN_STRICT_PROTOTYPES = YES;
				CLANG_WARN_SUSPICIOUS_MOVE = YES;
				CLANG_WARN_UNGUARDED_AVAILABILITY = YES_AGGRESSIVE;
				CLANG_WARN_UNREACHABLE_CODE = YES;
				CLANG_WARN__DUPLICATE_METHOD_MATCH = YES;
				CODE_SIGN_IDENTITY = "iPhone Developer";
				COPY_PHASE_STRIP = NO;
				DEBUG_INFORMATION_FORMAT = dwarf;
				ENABLE_STRICT_OBJC_MSGSEND = YES;
				ENABLE_TESTABILITY = YES;
				GCC_C_LANGUAGE_STANDARD = gnu11;
				GCC_DYNAMIC_NO_PIC = NO;
				GCC_NO_COMMON_BLOCKS = YES;
				GCC_OPTIMIZATION_LEVEL = 0;
				GCC_PREPROCESSOR_DEFINITIONS = (
					"DEBUG=1",
					"$(inherited)",
				);
				GCC_WARN_64_TO_32_BIT_CONVERSION = YES;
				GCC_WARN_ABOUT_RETURN_TYPE = YES_ERROR;
				GCC_WARN_UNDECLARED_SELECTOR = YES;
				GCC_WARN_UNINITIALIZED_AUTOS = YES_AGGRESSIVE;
				GCC_WARN_UNUSED_FUNCTION = YES;
				GCC_WARN_UNUSED_VARIABLE = YES;
				IPHONEOS_DEPLOYMENT_TARGET = 12.4;
				MTL_ENABLE_DEBUG_INFO = INCLUDE_SOURCE;
				MTL_FAST_MATH = YES;
				ONLY_ACTIVE_ARCH = YES;
				SDKROOT = iphoneos;
				SWIFT_ACTIVE_COMPILATION_CONDITIONS = DEBUG;
				SWIFT_OPTIMIZATION_LEVEL = "-Onone";
			};
			name = Debug;
		};
		69A62D41230E300F00000543 /* Release */ = {
			isa = XCBuildConfiguration;
			buildSettings = {
				ALWAYS_SEARCH_USER_PATHS = NO;
				CLANG_ANALYZER_NONNULL = YES;
				CLANG_ANALYZER_NUMBER_OBJECT_CONVERSION = YES_AGGRESSIVE;
				CLANG_CXX_LANGUAGE_STANDARD = "gnu++14";
				CLANG_CXX_LIBRARY = "libc++";
				CLANG_ENABLE_MODULES = YES;
				CLANG_ENABLE_OBJC_ARC = YES;
				CLANG_ENABLE_OBJC_WEAK = YES;
				CLANG_WARN_BLOCK_CAPTURE_AUTORELEASING = YES;
				CLANG_WARN_BOOL_CONVERSION = YES;
				CLANG_WARN_COMMA = YES;
				CLANG_WARN_CONSTANT_CONVERSION = YES;
				CLANG_WARN_DEPRECATED_OBJC_IMPLEMENTATIONS = YES;
				CLANG_WARN_DIRECT_OBJC_ISA_USAGE = YES_ERROR;
				CLANG_WARN_DOCUMENTATION_COMMENTS = YES;
				CLANG_WARN_EMPTY_BODY = YES;
				CLANG_WARN_ENUM_CONVERSION = YES;
				CLANG_WARN_INFINITE_RECURSION = YES;
				CLANG_WARN_INT_CONVERSION = YES;
				CLANG_WARN_NON_LITERAL_NULL_CONVERSION = YES;
				CLANG_WARN_OBJC_IMPLICIT_RETAIN_SELF = YES;
				CLANG_WARN_OBJC_LITERAL_CONVERSION = YES;
				CLANG_WARN_OBJC_ROOT_CLASS = YES_ERROR;
				CLANG_WARN_RANGE_LOOP_ANALYSIS = YES;
				CLANG_WARN_STRICT_PROTOTYPES = YES;
				CLANG_WARN_SUSPICIOUS_MOVE = YES;
				CLANG_WARN_UNGUARDED_AVAILABILITY = YES_AGGRESSIVE;
				CLANG_WARN_UNREACHABLE_CODE = YES;
				CLANG_WARN__DUPLICATE_METHOD_MATCH = YES;
				CODE_SIGN_IDENTITY = "iPhone Developer";
				COPY_PHASE_STRIP = NO;
				DEBUG_INFORMATION_FORMAT = "dwarf-with-dsym";
				ENABLE_NS_ASSERTIONS = NO;
				ENABLE_STRICT_OBJC_MSGSEND = YES;
				GCC_C_LANGUAGE_STANDARD = gnu11;
				GCC_NO_COMMON_BLOCKS = YES;
				GCC_WARN_64_TO_32_BIT_CONVERSION = YES;
				GCC_WARN_ABOUT_RETURN_TYPE = YES_ERROR;
				GCC_WARN_UNDECLARED_SELECTOR = YES;
				GCC_WARN_UNINITIALIZED_AUTOS = YES_AGGRESSIVE;
				GCC_WARN_UNUSED_FUNCTION = YES;
				GCC_WARN_UNUSED_VARIABLE = YES;
				IPHONEOS_DEPLOYMENT_TARGET = 12.4;
				MTL_ENABLE_DEBUG_INFO = NO;
				MTL_FAST_MATH = YES;
				SDKROOT = iphoneos;
				SWIFT_COMPILATION_MODE = wholemodule;
				SWIFT_OPTIMIZATION_LEVEL = "-O";
				VALIDATE_PRODUCT = YES;
			};
			name = Release;
		};
		69A62D43230E300F00000543 /* Debug */ = {
			isa = XCBuildConfiguration;
			baseConfigurationReference = 559BC93F310F31FCCADEB499 /* Pods-CBThomework.debug.xcconfig */;
			buildSettings = {
				ASSETCATALOG_COMPILER_APPICON_NAME = AppIcon;
				CODE_SIGN_STYLE = Automatic;
				DEVELOPMENT_TEAM = 3GHLH52F3W;
				INFOPLIST_FILE = CBThomework/Info.plist;
				LD_RUNPATH_SEARCH_PATHS = (
					"$(inherited)",
					"@executable_path/Frameworks",
				);
				PRODUCT_BUNDLE_IDENTIFIER = com.Alan.CBThomework;
				PRODUCT_NAME = "$(TARGET_NAME)";
				SWIFT_VERSION = 5.0;
				TARGETED_DEVICE_FAMILY = "1,2";
			};
			name = Debug;
		};
		69A62D44230E300F00000543 /* Release */ = {
			isa = XCBuildConfiguration;
			baseConfigurationReference = DC48042A698C0C1D0291F90A /* Pods-CBThomework.release.xcconfig */;
			buildSettings = {
				ASSETCATALOG_COMPILER_APPICON_NAME = AppIcon;
				CODE_SIGN_STYLE = Automatic;
				DEVELOPMENT_TEAM = 3GHLH52F3W;
				INFOPLIST_FILE = CBThomework/Info.plist;
				LD_RUNPATH_SEARCH_PATHS = (
					"$(inherited)",
					"@executable_path/Frameworks",
				);
				PRODUCT_BUNDLE_IDENTIFIER = com.Alan.CBThomework;
				PRODUCT_NAME = "$(TARGET_NAME)";
				SWIFT_VERSION = 5.0;
				TARGETED_DEVICE_FAMILY = "1,2";
			};
			name = Release;
		};
/* End XCBuildConfiguration section */

/* Begin XCConfigurationList section */
		69A62D2B230E300E00000543 /* Build configuration list for PBXProject "CBThomework" */ = {
			isa = XCConfigurationList;
			buildConfigurations = (
				69A62D40230E300F00000543 /* Debug */,
				69A62D41230E300F00000543 /* Release */,
			);
			defaultConfigurationIsVisible = 0;
			defaultConfigurationName = Release;
		};
		69A62D42230E300F00000543 /* Build configuration list for PBXNativeTarget "CBThomework" */ = {
			isa = XCConfigurationList;
			buildConfigurations = (
				69A62D43230E300F00000543 /* Debug */,
				69A62D44230E300F00000543 /* Release */,
			);
			defaultConfigurationIsVisible = 0;
			defaultConfigurationName = Release;
		};
/* End XCConfigurationList section */
	};
	rootObject = 69A62D28230E300E00000543 /* Project object */;
}
